
Microsoft Visual Studio Solution File, Format Version 12.00
# Visual Studio Version 17
VisualStudioVersion = 17.0.31903.59
MinimumVisualStudioVersion = 10.0.40219.1
Project("{FAE04EC0-301F-11D3-BF4B-00C04F79EFBC}") = "OrangeRouteApi", "OrangeRouteApi\OrangeRouteApi.csproj", "{E576C2B6-6547-4E35-81EE-976D8D261E77}"
EndProject
Project("{FAE04EC0-301F-11D3-BF4B-00C04F79EFBC}") = "OrangeRouteBusiness", "OrangeRouteBusiness\OrangeRouteBusiness.csproj", "{2269F328-3F41-4CB5-9806-40B26BFEA102}"
EndProject
Project("{FAE04EC0-301F-11D3-BF4B-00C04F79EFBC}") = "OrangeRouteData", "OrangeRouteData\OrangeRouteData.csproj", "{C3AFC2A1-9694-413F-8624-C7AD6140FC2B}"
EndProject
Project("{FAE04EC0-301F-11D3-BF4B-00C04F79EFBC}") = "OrangeRouteModel", "OrangeRouteModel\OrangeRouteModel.csproj", "{5AFC6E2E-C394-4539-8057-938488876750}"
EndProject
Global
	GlobalSection(SolutionConfigurationPlatforms) = preSolution
		Debug|Any CPU = Debug|Any CPU
		Debug|x64 = Debug|x64
		Debug|x86 = Debug|x86
		Release|Any CPU = Release|Any CPU
		Release|x64 = Release|x64
		Release|x86 = Release|x86
	EndGlobalSection
	GlobalSection(ProjectConfigurationPlatforms) = postSolution
		{E576C2B6-6547-4E35-81EE-976D8D261E77}.Debug|Any CPU.ActiveCfg = Debug|Any CPU
		{E576C2B6-6547-4E35-81EE-976D8D261E77}.Debug|Any CPU.Build.0 = Debug|Any CPU
		{E576C2B6-6547-4E35-81EE-976D8D261E77}.Debug|x64.ActiveCfg = Debug|Any CPU
		{E576C2B6-6547-4E35-81EE-976D8D261E77}.Debug|x64.Build.0 = Debug|Any CPU
		{E576C2B6-6547-4E35-81EE-976D8D261E77}.Debug|x86.ActiveCfg = Debug|Any CPU
		{E576C2B6-6547-4E35-81EE-976D8D261E77}.Debug|x86.Build.0 = Debug|Any CPU
		{E576C2B6-6547-4E35-81EE-976D8D261E77}.Release|Any CPU.ActiveCfg = Release|Any CPU
		{E576C2B6-6547-4E35-81EE-976D8D261E77}.Release|Any CPU.Build.0 = Release|Any CPU
		{E576C2B6-6547-4E35-81EE-976D8D261E77}.Release|x64.ActiveCfg = Release|Any CPU
		{E576C2B6-6547-4E35-81EE-976D8D261E77}.Release|x64.Build.0 = Release|Any CPU
		{E576C2B6-6547-4E35-81EE-976D8D261E77}.Release|x86.ActiveCfg = Release|Any CPU
		{E576C2B6-6547-4E35-81EE-976D8D261E77}.Release|x86.Build.0 = Release|Any CPU
		{2269F328-3F41-4CB5-9806-40B26BFEA102}.Debug|Any CPU.ActiveCfg = Debug|Any CPU
		{2269F328-3F41-4CB5-9806-40B26BFEA102}.Debug|Any CPU.Build.0 = Debug|Any CPU
		{2269F328-3F41-4CB5-9806-40B26BFEA102}.Debug|x64.ActiveCfg = Debug|Any CPU
		{2269F328-3F41-4CB5-9806-40B26BFEA102}.Debug|x64.Build.0 = Debug|Any CPU
		{2269F328-3F41-4CB5-9806-40B26BFEA102}.Debug|x86.ActiveCfg = Debug|Any CPU
		{2269F328-3F41-4CB5-9806-40B26BFEA102}.Debug|x86.Build.0 = Debug|Any CPU
		{2269F328-3F41-4CB5-9806-40B26BFEA102}.Release|Any CPU.ActiveCfg = Release|Any CPU
		{2269F328-3F41-4CB5-9806-40B26BFEA102}.Release|Any CPU.Build.0 = Release|Any CPU
		{2269F328-3F41-4CB5-9806-40B26BFEA102}.Release|x64.ActiveCfg = Release|Any CPU
		{2269F328-3F41-4CB5-9806-40B26BFEA102}.Release|x64.Build.0 = Release|Any CPU
		{2269F328-3F41-4CB5-9806-40B26BFEA102}.Release|x86.ActiveCfg = Release|Any CPU
		{2269F328-3F41-4CB5-9806-40B26BFEA102}.Release|x86.Build.0 = Release|Any CPU
		{C3AFC2A1-9694-413F-8624-C7AD6140FC2B}.Debug|Any CPU.ActiveCfg = Debug|Any CPU
		{C3AFC2A1-9694-413F-8624-C7AD6140FC2B}.Debug|Any CPU.Build.0 = Debug|Any CPU
		{C3AFC2A1-9694-413F-8624-C7AD6140FC2B}.Debug|x64.ActiveCfg = Debug|Any CPU
		{C3AFC2A1-9694-413F-8624-C7AD6140FC2B}.Debug|x64.Build.0 = Debug|Any CPU
		{C3AFC2A1-9694-413F-8624-C7AD6140FC2B}.Debug|x86.ActiveCfg = Debug|Any CPU
		{C3AFC2A1-9694-413F-8624-C7AD6140FC2B}.Debug|x86.Build.0 = Debug|Any CPU
		{C3AFC2A1-9694-413F-8624-C7AD6140FC2B}.Release|Any CPU.ActiveCfg = Release|Any CPU
		{C3AFC2A1-9694-413F-8624-C7AD6140FC2B}.Release|Any CPU.Build.0 = Release|Any CPU
		{C3AFC2A1-9694-413F-8624-C7AD6140FC2B}.Release|x64.ActiveCfg = Release|Any CPU
		{C3AFC2A1-9694-413F-8624-C7AD6140FC2B}.Release|x64.Build.0 = Release|Any CPU
		{C3AFC2A1-9694-413F-8624-C7AD6140FC2B}.Release|x86.ActiveCfg = Release|Any CPU
		{C3AFC2A1-9694-413F-8624-C7AD6140FC2B}.Release|x86.Build.0 = Release|Any CPU
		{5AFC6E2E-C394-4539-8057-938488876750}.Debug|Any CPU.ActiveCfg = Debug|Any CPU
		{5AFC6E2E-C394-4539-8057-938488876750}.Debug|Any CPU.Build.0 = Debug|Any CPU
		{5AFC6E2E-C394-4539-8057-938488876750}.Debug|x64.ActiveCfg = Debug|Any CPU
		{5AFC6E2E-C394-4539-8057-938488876750}.Debug|x64.Build.0 = Debug|Any CPU
		{5AFC6E2E-C394-4539-8057-938488876750}.Debug|x86.ActiveCfg = Debug|Any CPU
		{5AFC6E2E-C394-4539-8057-938488876750}.Debug|x86.Build.0 = Debug|Any CPU
		{5AFC6E2E-C394-4539-8057-938488876750}.Release|Any CPU.ActiveCfg = Release|Any CPU
		{5AFC6E2E-C394-4539-8057-938488876750}.Release|Any CPU.Build.0 = Release|Any CPU
		{5AFC6E2E-C394-4539-8057-938488876750}.Release|x64.ActiveCfg = Release|Any CPU
		{5AFC6E2E-C394-4539-8057-938488876750}.Release|x64.Build.0 = Release|Any CPU
		{5AFC6E2E-C394-4539-8057-938488876750}.Release|x86.ActiveCfg = Release|Any CPU
		{5AFC6E2E-C394-4539-8057-938488876750}.Release|x86.Build.0 = Release|Any CPU
	EndGlobalSection
	GlobalSection(SolutionProperties) = preSolution
		HideSolutionNode = FALSE
	EndGlobalSection
EndGlobal
